{
  "lockfile_version": "1",
  "packages": {
    "bun@1.3.1": {
      "last_modified": "2025-10-22T20:59:19Z",
      "resolved": "github:NixOS/nixpkgs/01b6809f7f9d1183a2b3e081f0a1e6f8f415cb09#bun",
      "source": "devbox-search",
      "version": "1.3.1",
      "systems": {
        "aarch64-darwin": {
          "outputs": [
            {
              "name": "out",
              "path": "/nix/store/q77q60pidwk04lgw5q930a32w9zp7r0p-bun-1.3.1",
              "default": true
            }
          ],
          "store_path": "/nix/store/q77q60pidwk04lgw5q930a32w9zp7r0p-bun-1.3.1"
        },
        "aarch64-linux": {
          "outputs": [
            {
              "name": "out",
              "path": "/nix/store/7ba6bigk4vpvxpmx0c3h6rg5zl9bs5np-bun-1.3.1",
              "default": true
            }
          ],
          "store_path": "/nix/store/7ba6bigk4vpvxpmx0c3h6rg5zl9bs5np-bun-1.3.1"
        },
        "x86_64-darwin": {
          "outputs": [
            {
              "name": "out",
              "path": "/nix/store/27338drvdd2cqz765wa4s51kz866v4ws-bun-1.3.1",
              "default": true
            }
          ],
          "store_path": "/nix/store/27338drvdd2cqz765wa4s51kz866v4ws-bun-1.3.1"
        },
        "x86_64-linux": {
          "outputs": [
            {
              "name": "out",
              "path": "/nix/store/jzjyn4d12klv4kp47c86z4dk1bksbg0q-bun-1.3.1",
              "default": true
            }
          ],
          "store_path": "/nix/store/jzjyn4d12klv4kp47c86z4dk1bksbg0q-bun-1.3.1"
        }
      }
    },
    "github:NixOS/nixpkgs/nixpkgs-unstable": {
      "resolved": "github:NixOS/nixpkgs/2bfc080955153be0be56724be6fa5477b4eefabb?lastModified=1743689281&narHash=sha256-y7Hg5lwWhEOgflEHRfzSH96BOt26LaYfrYWzZ%2BVoVdg%3D"
    },
    "nodejs@24.11.0": {
      "last_modified": "2025-10-30T18:40:41Z",
      "plugin_version": "0.0.2",
      "resolved": "github:NixOS/nixpkgs/45ebaee5d90bab997812235564af4cf5107bde89#nodejs_24",
      "source": "devbox-search",
      "version": "24.11.0",
      "systems": {
        "aarch64-darwin": {
          "outputs": [
            {
              "name": "out",
              "path": "/nix/store/2473ifz5wy3fsx2mpicfa7bk4dqj02cs-nodejs-24.11.0",
              "default": true
            },
            {
              "name": "dev",
              "path": "/nix/store/3pyvngvh9q0kz06y02ak7gw637n2957h-nodejs-24.11.0-dev"
            },
            {
              "name": "libv8",
              "path": "/nix/store/1x47w78i99rxvpv3qzapy6416c36ncwf-nodejs-24.11.0-libv8"
            }
          ],
          "store_path": "/nix/store/2473ifz5wy3fsx2mpicfa7bk4dqj02cs-nodejs-24.11.0"
        },
        "aarch64-linux": {
          "outputs": [
            {
              "name": "out",
              "path": "/nix/store/12qw780l6ipajc7g1rm2d25yaa068f71-nodejs-24.11.0",
              "default": true
            },
            {
              "name": "dev",
              "path": "/nix/store/f8xhra2ck4x4ldsk47vwnwbhkb832xjs-nodejs-24.11.0-dev"
            },
            {
              "name": "libv8",
              "path": "/nix/store/7p12vb3124mjg3wi69kw40rfkwpxr96v-nodejs-24.11.0-libv8"
            }
          ],
          "store_path": "/nix/store/12qw780l6ipajc7g1rm2d25yaa068f71-nodejs-24.11.0"
        },
        "x86_64-darwin": {
          "outputs": [
            {
              "name": "out",
              "path": "/nix/store/b4h5xp3mskjcjlbv6v9crnicmj3idkjm-nodejs-24.11.0",
              "default": true
            },
            {
              "name": "dev",
              "path": "/nix/store/ihfph5ggw53d6d0cfgzdg2fn4zb9mq2r-nodejs-24.11.0-dev"
            },
            {
              "name": "libv8",
              "path": "/nix/store/lq9s0qi7733lanpqaf5vvv378495ckwc-nodejs-24.11.0-libv8"
            }
          ],
          "store_path": "/nix/store/b4h5xp3mskjcjlbv6v9crnicmj3idkjm-nodejs-24.11.0"
        },
        "x86_64-linux": {
          "outputs": [
            {
              "name": "out",
              "path": "/nix/store/yln56wciplw21gnsljp5gkzyzc2n52ni-nodejs-24.11.0",
              "default": true
            },
            {
              "name": "dev",
              "path": "/nix/store/5ln4hzy2agzk46y0ccc0a2f1wrrb3gpv-nodejs-24.11.0-dev"
            },
            {
              "name": "libv8",
              "path": "/nix/store/k1jvh8asv6hgyrf2mi8l6xpqmz3nr4lq-nodejs-24.11.0-libv8"
            }
          ],
          "store_path": "/nix/store/yln56wciplw21gnsljp5gkzyzc2n52ni-nodejs-24.11.0"
        }
      }
    }
  }
}
