{
  "lockfile_version": "1",
  "packages": {
    "bun@1.2.14": {
      "last_modified": "2025-05-24T21:46:02Z",
      "resolved": "github:NixOS/nixpkgs/edb3633f9100d9277d1c9af245a4e9337a980c07#bun",
      "source": "devbox-search",
      "version": "1.2.14",
      "systems": {
        "aarch64-darwin": {
          "outputs": [
            {
              "name": "out",
              "path": "/nix/store/3f1rkhfkqrm6plii0jpw1ff37v4rpp15-bun-1.2.14",
              "default": true
            }
          ],
          "store_path": "/nix/store/3f1rkhfkqrm6plii0jpw1ff37v4rpp15-bun-1.2.14"
        },
        "aarch64-linux": {
          "outputs": [
            {
              "name": "out",
              "path": "/nix/store/sxa9qfqml6bdxsbc5gfxrjdhchkqp0y6-bun-1.2.14",
              "default": true
            }
          ],
          "store_path": "/nix/store/sxa9qfqml6bdxsbc5gfxrjdhchkqp0y6-bun-1.2.14"
        },
        "x86_64-darwin": {
          "outputs": [
            {
              "name": "out",
              "path": "/nix/store/kg9s84dn08qdxwvc42q4mr65qajis0hk-bun-1.2.14",
              "default": true
            }
          ],
          "store_path": "/nix/store/kg9s84dn08qdxwvc42q4mr65qajis0hk-bun-1.2.14"
        },
        "x86_64-linux": {
          "outputs": [
            {
              "name": "out",
              "path": "/nix/store/0879ib3b0yhyg7k3ss28h093nw1xmjsx-bun-1.2.14",
              "default": true
            }
          ],
          "store_path": "/nix/store/0879ib3b0yhyg7k3ss28h093nw1xmjsx-bun-1.2.14"
        }
      }
    },
    "github:NixOS/nixpkgs/nixpkgs-unstable": {
      "resolved": "github:NixOS/nixpkgs/2bfc080955153be0be56724be6fa5477b4eefabb?lastModified=1743689281&narHash=sha256-y7Hg5lwWhEOgflEHRfzSH96BOt26LaYfrYWzZ%2BVoVdg%3D"
    },
    "nodejs@24.3.0": {
      "last_modified": "2025-06-25T07:32:58Z",
      "plugin_version": "0.0.2",
      "resolved": "github:NixOS/nixpkgs/d7bb1922f0bb3d0c990f56f9cdb767fdb20a5f22#nodejs_24",
      "source": "devbox-search",
      "version": "24.3.0",
      "systems": {
        "aarch64-darwin": {
          "outputs": [
            {
              "name": "out",
              "path": "/nix/store/ra024xh0z4iqrna0zz2vm087n32x0r6f-nodejs-24.3.0",
              "default": true
            },
            {
              "name": "dev",
              "path": "/nix/store/5xxmn80w1qdifbyzqm9ymvcg9vaigp1b-nodejs-24.3.0-dev"
            },
            {
              "name": "libv8",
              "path": "/nix/store/jn8cnmmaq0cxkaa1ibxbsis6lv33157z-nodejs-24.3.0-libv8"
            }
          ],
          "store_path": "/nix/store/ra024xh0z4iqrna0zz2vm087n32x0r6f-nodejs-24.3.0"
        },
        "aarch64-linux": {
          "outputs": [
            {
              "name": "out",
              "path": "/nix/store/0ila37s620p6g2s83p4dr6c4nwhjwhf7-nodejs-24.3.0",
              "default": true
            },
            {
              "name": "dev",
              "path": "/nix/store/4wpgz06wbc94dj2i36jfq0dyzjbcp19x-nodejs-24.3.0-dev"
            },
            {
              "name": "libv8",
              "path": "/nix/store/w3yzj46br5lfqpc09780020pgzgayhgy-nodejs-24.3.0-libv8"
            }
          ],
          "store_path": "/nix/store/0ila37s620p6g2s83p4dr6c4nwhjwhf7-nodejs-24.3.0"
        },
        "x86_64-darwin": {
          "outputs": [
            {
              "name": "out",
              "path": "/nix/store/0dkal0hnky98arm4wgq948i30r7rw2h8-nodejs-24.3.0",
              "default": true
            },
            {
              "name": "dev",
              "path": "/nix/store/9777amzil64sm5rizaqy4p9jdq7qvq3i-nodejs-24.3.0-dev"
            },
            {
              "name": "libv8",
              "path": "/nix/store/jhcqjqf3z2d6m48f953adqk64n3lggsy-nodejs-24.3.0-libv8"
            }
          ],
          "store_path": "/nix/store/0dkal0hnky98arm4wgq948i30r7rw2h8-nodejs-24.3.0"
        },
        "x86_64-linux": {
          "outputs": [
            {
              "name": "out",
              "path": "/nix/store/6ba6h1x0rh2d5fbahjcydn7q8dd4ny8f-nodejs-24.3.0",
              "default": true
            },
            {
              "name": "dev",
              "path": "/nix/store/adqp6w8254pwxnz06yf10gzya2pg1q1l-nodejs-24.3.0-dev"
            },
            {
              "name": "libv8",
              "path": "/nix/store/8jmfxx4kffykzgfkbxb5rh10ib76vdqz-nodejs-24.3.0-libv8"
            }
          ],
          "store_path": "/nix/store/6ba6h1x0rh2d5fbahjcydn7q8dd4ny8f-nodejs-24.3.0"
        }
      }
    }
  }
}
